
Microsoft Visual Studio Solution File, Format Version 12.00
# Visual Studio Version 16
VisualStudioVersion = 16.0.30621.155
MinimumVisualStudioVersion = 10.0.40219.1
Project("{9A19103F-16F7-4668-BE54-9A1E7A4F7556}") = "EFCore_RecordType_Api", "EFCore_RecordTypes_Api\EFCore_RecordType_Api.csproj", "{2A8A1B48-CD29-40DF-B97E-7EC2F86A74C9}"
EndProject
Project("{9A19103F-16F7-4668-BE54-9A1E7A4F7556}") = "RecordTypes_Extender", "RecordTypes_Extender\RecordTypes_Extender.csproj", "{AD961D3B-1C6D-4091-8403-F1FBC04551DA}"
EndProject
Global
	GlobalSection(SolutionConfigurationPlatforms) = preSolution
		Debug|Any CPU = Debug|Any CPU
		Release|Any CPU = Release|Any CPU
	EndGlobalSection
	GlobalSection(ProjectConfigurationPlatforms) = postSolution
		{2A8A1B48-CD29-40DF-B97E-7EC2F86A74C9}.Debug|Any CPU.ActiveCfg = Debug|Any CPU
		{2A8A1B48-CD29-40DF-B97E-7EC2F86A74C9}.Debug|Any CPU.Build.0 = Debug|Any CPU
		{2A8A1B48-CD29-40DF-B97E-7EC2F86A74C9}.Release|Any CPU.ActiveCfg = Release|Any CPU
		{2A8A1B48-CD29-40DF-B97E-7EC2F86A74C9}.Release|Any CPU.Build.0 = Release|Any CPU
		{AD961D3B-1C6D-4091-8403-F1FBC04551DA}.Debug|Any CPU.ActiveCfg = Debug|Any CPU
		{AD961D3B-1C6D-4091-8403-F1FBC04551DA}.Debug|Any CPU.Build.0 = Debug|Any CPU
		{AD961D3B-1C6D-4091-8403-F1FBC04551DA}.Release|Any CPU.ActiveCfg = Release|Any CPU
		{AD961D3B-1C6D-4091-8403-F1FBC04551DA}.Release|Any CPU.Build.0 = Release|Any CPU
	EndGlobalSection
	GlobalSection(SolutionProperties) = preSolution
		HideSolutionNode = FALSE
	EndGlobalSection
	GlobalSection(ExtensibilityGlobals) = postSolution
		SolutionGuid = {5E56FB97-F80C-47FF-81C7-43258733F535}
	EndGlobalSection
EndGlobal
